
Microsoft Visual Studio Solution File, Format Version 12.00
# Visual Studio Version 16
VisualStudioVersion = 16.0.31424.327
MinimumVisualStudioVersion = 10.0.40219.1
Project("{FAE04EC0-301F-11D3-BF4B-00C04F79EFBC}") = "Api", "Api\Api.csproj", "{1E165206-C2AA-420B-A48A-715E4A75A020}"
EndProject
Global
	GlobalSection(SolutionConfigurationPlatforms) = preSolution
		Debug|Any CPU = Debug|Any CPU
		Release|Any CPU = Release|Any CPU
	EndGlobalSection
	GlobalSection(ProjectConfigurationPlatforms) = postSolution
		{1E165206-C2AA-420B-A48A-715E4A75A020}.Debug|Any CPU.ActiveCfg = Debug|Any CPU
		{1E165206-C2AA-420B-A48A-715E4A75A020}.Debug|Any CPU.Build.0 = Debug|Any CPU
		{1E165206-C2AA-420B-A48A-715E4A75A020}.Release|Any CPU.ActiveCfg = Release|Any CPU
		{1E165206-C2AA-420B-A48A-715E4A75A020}.Release|Any CPU.Build.0 = Release|Any CPU
	EndGlobalSection
	GlobalSection(SolutionProperties) = preSolution
		HideSolutionNode = FALSE
	EndGlobalSection
	GlobalSection(ExtensibilityGlobals) = postSolution
		SolutionGuid = {5127CC48-9191-4D54-9D9C-194A0210F558}
	EndGlobalSection
EndGlobal
